// !$*UTF8*$!
{
	archiveVersion = 1;
	classes = {
	};
	objectVersion = 46;
	objects = {

/* Begin PBXBuildFile section */
		0A30C8C009086E3AF53C4058 /* libPods.a in Frameworks */ = {isa = PBXBuildFile; fileRef = C8C2219AC37CE886DFBCB980 /* libPods.a */; };
		691277E41BCABAA400946438 /* TickerViewController.m in Sources */ = {isa = PBXBuildFile; fileRef = 691277E31BCABAA400946438 /* TickerViewController.m */; settings = {ASSET_TAGS = (); }; };
		692C92221BCCCD7500A14B2A /* InitialLockscreenViewController.m in Sources */ = {isa = PBXBuildFile; fileRef = 692C92211BCCCD7500A14B2A /* InitialLockscreenViewController.m */; settings = {ASSET_TAGS = (); }; };
		69820AE71BCAE43500A2AFDE /* bitcoinicon.png in Resources */ = {isa = PBXBuildFile; fileRef = 69820AE61BCAE43500A2AFDE /* bitcoinicon.png */; settings = {ASSET_TAGS = (); }; };
		69820AEA1BCAE47200A2AFDE /* menu.png in Resources */ = {isa = PBXBuildFile; fileRef = 69820AE81BCAE47200A2AFDE /* menu.png */; settings = {ASSET_TAGS = (); }; };
		69820AEB1BCAE47200A2AFDE /* menu@2x.png in Resources */ = {isa = PBXBuildFile; fileRef = 69820AE91BCAE47200A2AFDE /* menu@2x.png */; settings = {ASSET_TAGS = (); }; };
		69820AEE1BCAEC1000A2AFDE /* OptionsTableViewController.m in Sources */ = {isa = PBXBuildFile; fileRef = 69820AED1BCAEC1000A2AFDE /* OptionsTableViewController.m */; settings = {ASSET_TAGS = (); }; };
		69820B041BCAF55200A2AFDE /* Key Filled-512.png in Resources */ = {isa = PBXBuildFile; fileRef = 69820AFE1BCAF55200A2AFDE /* Key Filled-512.png */; settings = {ASSET_TAGS = (); }; };
		69820B051BCAF55200A2AFDE /* Key-512.png in Resources */ = {isa = PBXBuildFile; fileRef = 69820AFF1BCAF55200A2AFDE /* Key-512.png */; settings = {ASSET_TAGS = (); }; };
		69820B061BCAF55200A2AFDE /* Literature Filled-100.png in Resources */ = {isa = PBXBuildFile; fileRef = 69820B001BCAF55200A2AFDE /* Literature Filled-100.png */; settings = {ASSET_TAGS = (); }; };
		69820B071BCAF55200A2AFDE /* Literature-100.png in Resources */ = {isa = PBXBuildFile; fileRef = 69820B011BCAF55200A2AFDE /* Literature-100.png */; settings = {ASSET_TAGS = (); }; };
		69820B081BCAF55200A2AFDE /* News-512.png in Resources */ = {isa = PBXBuildFile; fileRef = 69820B021BCAF55200A2AFDE /* News-512.png */; settings = {ASSET_TAGS = (); }; };
		69820B091BCAF55200A2AFDE /* News Filled-512.png in Resources */ = {isa = PBXBuildFile; fileRef = 69820B031BCAF55200A2AFDE /* News Filled-512.png */; settings = {ASSET_TAGS = (); }; };
		69820B0B1BCB024100A2AFDE /* up-arrow-icon.png in Resources */ = {isa = PBXBuildFile; fileRef = 69820B0A1BCB024100A2AFDE /* up-arrow-icon.png */; settings = {ASSET_TAGS = (); }; };
		69820B0D1BCB024A00A2AFDE /* down-arrow-icon.png in Resources */ = {isa = PBXBuildFile; fileRef = 69820B0C1BCB024A00A2AFDE /* down-arrow-icon.png */; settings = {ASSET_TAGS = (); }; };
		69820B121BCB09A200A2AFDE /* orangeuparrow.png in Resources */ = {isa = PBXBuildFile; fileRef = 69820B0E1BCB09A200A2AFDE /* orangeuparrow.png */; settings = {ASSET_TAGS = (); }; };
		69820B131BCB09A200A2AFDE /* orangedownarrow 2.png in Resources */ = {isa = PBXBuildFile; fileRef = 69820B0F1BCB09A200A2AFDE /* orangedownarrow 2.png */; settings = {ASSET_TAGS = (); }; };
		69820B141BCB09A200A2AFDE /* uparrow.png in Resources */ = {isa = PBXBuildFile; fileRef = 69820B101BCB09A200A2AFDE /* uparrow.png */; settings = {ASSET_TAGS = (); }; };
		69820B151BCB09A200A2AFDE /* downarrow.png in Resources */ = {isa = PBXBuildFile; fileRef = 69820B111BCB09A200A2AFDE /* downarrow.png */; settings = {ASSET_TAGS = (); }; };
		69820B211BCB4F4200A2AFDE /* PredictionTableViewCell.m in Sources */ = {isa = PBXBuildFile; fileRef = 69820B201BCB4F4200A2AFDE /* PredictionTableViewCell.m */; settings = {ASSET_TAGS = (); }; };
		69820B231BCB4F7800A2AFDE /* PredictionTableViewCell.xib in Resources */ = {isa = PBXBuildFile; fileRef = 69820B221BCB4F7800A2AFDE /* PredictionTableViewCell.xib */; settings = {ASSET_TAGS = (); }; };
		69820B281BCB54A700A2AFDE /* Money-100.png in Resources */ = {isa = PBXBuildFile; fileRef = 69820B241BCB54A700A2AFDE /* Money-100.png */; settings = {ASSET_TAGS = (); }; };
		69820B291BCB54A700A2AFDE /* Money Filled-100.png in Resources */ = {isa = PBXBuildFile; fileRef = 69820B251BCB54A700A2AFDE /* Money Filled-100.png */; settings = {ASSET_TAGS = (); }; };
		69820B2A1BCB54A700A2AFDE /* Bitcoin Filled-100.png in Resources */ = {isa = PBXBuildFile; fileRef = 69820B261BCB54A700A2AFDE /* Bitcoin Filled-100.png */; settings = {ASSET_TAGS = (); }; };
		69820B2B1BCB54A700A2AFDE /* Bitcoin-100.png in Resources */ = {isa = PBXBuildFile; fileRef = 69820B271BCB54A700A2AFDE /* Bitcoin-100.png */; settings = {ASSET_TAGS = (); }; };
		69820B2E1BCB553900A2AFDE /* Money Filled-50.png in Resources */ = {isa = PBXBuildFile; fileRef = 69820B2C1BCB553900A2AFDE /* Money Filled-50.png */; settings = {ASSET_TAGS = (); }; };
		69820B2F1BCB553900A2AFDE /* Money-50.png in Resources */ = {isa = PBXBuildFile; fileRef = 69820B2D1BCB553900A2AFDE /* Money-50.png */; settings = {ASSET_TAGS = (); }; };
		69820B321BCB55D600A2AFDE /* Money Filled-32.png in Resources */ = {isa = PBXBuildFile; fileRef = 69820B301BCB55D600A2AFDE /* Money Filled-32.png */; settings = {ASSET_TAGS = (); }; };
		69820B331BCB55D600A2AFDE /* Money-32.png in Resources */ = {isa = PBXBuildFile; fileRef = 69820B311BCB55D600A2AFDE /* Money-32.png */; settings = {ASSET_TAGS = (); }; };
		69820B361BCB564500A2AFDE /* Bitcoin-25.png in Resources */ = {isa = PBXBuildFile; fileRef = 69820B341BCB564500A2AFDE /* Bitcoin-25.png */; settings = {ASSET_TAGS = (); }; };
		69820B371BCB564500A2AFDE /* Bitcoin Filled-25.png in Resources */ = {isa = PBXBuildFile; fileRef = 69820B351BCB564500A2AFDE /* Bitcoin Filled-25.png */; settings = {ASSET_TAGS = (); }; };
		69820B3A1BCB567C00A2AFDE /* Bitcoin Filled-32.png in Resources */ = {isa = PBXBuildFile; fileRef = 69820B381BCB567C00A2AFDE /* Bitcoin Filled-32.png */; settings = {ASSET_TAGS = (); }; };
		69820B3B1BCB567C00A2AFDE /* Bitcoin-32.png in Resources */ = {isa = PBXBuildFile; fileRef = 69820B391BCB567C00A2AFDE /* Bitcoin-32.png */; settings = {ASSET_TAGS = (); }; };
		69820B3E1BCB6DCF00A2AFDE /* BitcoinPrediction.m in Sources */ = {isa = PBXBuildFile; fileRef = 69820B3D1BCB6DCF00A2AFDE /* BitcoinPrediction.m */; settings = {ASSET_TAGS = (); }; };
		69820B421BCB70AA00A2AFDE /* PlayerDataModel.m in Sources */ = {isa = PBXBuildFile; fileRef = 69820B411BCB70AA00A2AFDE /* PlayerDataModel.m */; settings = {ASSET_TAGS = (); }; };
		69820B451BCCBB4000A2AFDE /* Key-32.png in Resources */ = {isa = PBXBuildFile; fileRef = 69820B431BCCBB4000A2AFDE /* Key-32.png */; settings = {ASSET_TAGS = (); }; };
		69820B461BCCBB4000A2AFDE /* Key Filled-32.png in Resources */ = {isa = PBXBuildFile; fileRef = 69820B441BCCBB4000A2AFDE /* Key Filled-32.png */; settings = {ASSET_TAGS = (); }; };
		69820B491BCCBB9D00A2AFDE /* PasscodeViewController.m in Sources */ = {isa = PBXBuildFile; fileRef = 69820B481BCCBB9D00A2AFDE /* PasscodeViewController.m */; settings = {ASSET_TAGS = (); }; };
		69D4CB9C1BC9698A00E1A7F7 /* main.m in Sources */ = {isa = PBXBuildFile; fileRef = 69D4CB9B1BC9698A00E1A7F7 /* main.m */; };
		69D4CB9F1BC9698A00E1A7F7 /* AppDelegate.m in Sources */ = {isa = PBXBuildFile; fileRef = 69D4CB9E1BC9698A00E1A7F7 /* AppDelegate.m */; };
		69D4CBA51BC9698A00E1A7F7 /* Main.storyboard in Resources */ = {isa = PBXBuildFile; fileRef = 69D4CBA31BC9698A00E1A7F7 /* Main.storyboard */; };
		69D4CBA71BC9698A00E1A7F7 /* Assets.xcassets in Resources */ = {isa = PBXBuildFile; fileRef = 69D4CBA61BC9698A00E1A7F7 /* Assets.xcassets */; };
		69D4CBAA1BC9698A00E1A7F7 /* LaunchScreen.storyboard in Resources */ = {isa = PBXBuildFile; fileRef = 69D4CBA81BC9698A00E1A7F7 /* LaunchScreen.storyboard */; };
		69F06F441BC99F1200CDC747 /* BitcoinTicker.m in Sources */ = {isa = PBXBuildFile; fileRef = 69F06F431BC99F1200CDC747 /* BitcoinTicker.m */; settings = {ASSET_TAGS = (); }; };
		69F06F471BC9A40B00CDC747 /* CryptonatorTickerManager.m in Sources */ = {isa = PBXBuildFile; fileRef = 69F06F461BC9A40B00CDC747 /* CryptonatorTickerManager.m */; settings = {ASSET_TAGS = (); }; };
		69F06F491BC9B22500CDC747 /* CoreGraphics.framework in Frameworks */ = {isa = PBXBuildFile; fileRef = 69F06F481BC9B22500CDC747 /* CoreGraphics.framework */; };
		69F06F4D1BC9B96400CDC747 /* SWRevealViewController.m in Sources */ = {isa = PBXBuildFile; fileRef = 69F06F4C1BC9B96400CDC747 /* SWRevealViewController.m */; settings = {ASSET_TAGS = (); }; };
/* End PBXBuildFile section */

/* Begin PBXFileReference section */
		63CBC032AE9665FB99098A40 /* Pods.release.xcconfig */ = {isa = PBXFileReference; includeInIndex = 1; lastKnownFileType = text.xcconfig; name = Pods.release.xcconfig; path = "Pods/Target Support Files/Pods/Pods.release.xcconfig"; sourceTree = "<group>"; };
		691277E21BCABAA400946438 /* TickerViewController.h */ = {isa = PBXFileReference; fileEncoding = 4; lastKnownFileType = sourcecode.c.h; path = TickerViewController.h; sourceTree = "<group>"; };
		691277E31BCABAA400946438 /* TickerViewController.m */ = {isa = PBXFileReference; fileEncoding = 4; lastKnownFileType = sourcecode.c.objc; path = TickerViewController.m; sourceTree = "<group>"; };
		692C92201BCCCD7500A14B2A /* InitialLockscreenViewController.h */ = {isa = PBXFileReference; fileEncoding = 4; lastKnownFileType = sourcecode.c.h; path = InitialLockscreenViewController.h; sourceTree = "<group>"; };
		692C92211BCCCD7500A14B2A /* InitialLockscreenViewController.m */ = {isa = PBXFileReference; fileEncoding = 4; lastKnownFileType = sourcecode.c.objc; path = InitialLockscreenViewController.m; sourceTree = "<group>"; };
		69820AE61BCAE43500A2AFDE /* bitcoinicon.png */ = {isa = PBXFileReference; lastKnownFileType = image.png; path = bitcoinicon.png; sourceTree = "<group>"; };
		69820AE81BCAE47200A2AFDE /* menu.png */ = {isa = PBXFileReference; lastKnownFileType = image.png; path = menu.png; sourceTree = "<group>"; };
		69820AE91BCAE47200A2AFDE /* menu@2x.png */ = {isa = PBXFileReference; lastKnownFileType = image.png; path = "menu@2x.png"; sourceTree = "<group>"; };
		69820AEC1BCAEC1000A2AFDE /* OptionsTableViewController.h */ = {isa = PBXFileReference; fileEncoding = 4; lastKnownFileType = sourcecode.c.h; path = OptionsTableViewController.h; sourceTree = "<group>"; };
		69820AED1BCAEC1000A2AFDE /* OptionsTableViewController.m */ = {isa = PBXFileReference; fileEncoding = 4; lastKnownFileType = sourcecode.c.objc; path = OptionsTableViewController.m; sourceTree = "<group>"; };
		69820AFE1BCAF55200A2AFDE /* Key Filled-512.png */ = {isa = PBXFileReference; lastKnownFileType = image.png; path = "Key Filled-512.png"; sourceTree = "<group>"; };
		69820AFF1BCAF55200A2AFDE /* Key-512.png */ = {isa = PBXFileReference; lastKnownFileType = image.png; path = "Key-512.png"; sourceTree = "<group>"; };
		69820B001BCAF55200A2AFDE /* Literature Filled-100.png */ = {isa = PBXFileReference; lastKnownFileType = image.png; path = "Literature Filled-100.png"; sourceTree = "<group>"; };
		69820B011BCAF55200A2AFDE /* Literature-100.png */ = {isa = PBXFileReference; lastKnownFileType = image.png; path = "Literature-100.png"; sourceTree = "<group>"; };
		69820B021BCAF55200A2AFDE /* News-512.png */ = {isa = PBXFileReference; lastKnownFileType = image.png; path = "News-512.png"; sourceTree = "<group>"; };
		69820B031BCAF55200A2AFDE /* News Filled-512.png */ = {isa = PBXFileReference; lastKnownFileType = image.png; path = "News Filled-512.png"; sourceTree = "<group>"; };
		69820B0A1BCB024100A2AFDE /* up-arrow-icon.png */ = {isa = PBXFileReference; lastKnownFileType = image.png; path = "up-arrow-icon.png"; sourceTree = "<group>"; };
		69820B0C1BCB024A00A2AFDE /* down-arrow-icon.png */ = {isa = PBXFileReference; lastKnownFileType = image.png; path = "down-arrow-icon.png"; sourceTree = "<group>"; };
		69820B0E1BCB09A200A2AFDE /* orangeuparrow.png */ = {isa = PBXFileReference; lastKnownFileType = image.png; path = orangeuparrow.png; sourceTree = "<group>"; };
		69820B0F1BCB09A200A2AFDE /* orangedownarrow 2.png */ = {isa = PBXFileReference; lastKnownFileType = image.png; path = "orangedownarrow 2.png"; sourceTree = "<group>"; };
		69820B101BCB09A200A2AFDE /* uparrow.png */ = {isa = PBXFileReference; lastKnownFileType = image.png; path = uparrow.png; sourceTree = "<group>"; };
		69820B111BCB09A200A2AFDE /* downarrow.png */ = {isa = PBXFileReference; lastKnownFileType = image.png; path = downarrow.png; sourceTree = "<group>"; };
		69820B1F1BCB4F4200A2AFDE /* PredictionTableViewCell.h */ = {isa = PBXFileReference; fileEncoding = 4; lastKnownFileType = sourcecode.c.h; path = PredictionTableViewCell.h; sourceTree = "<group>"; };
		69820B201BCB4F4200A2AFDE /* PredictionTableViewCell.m */ = {isa = PBXFileReference; fileEncoding = 4; lastKnownFileType = sourcecode.c.objc; path = PredictionTableViewCell.m; sourceTree = "<group>"; };
		69820B221BCB4F7800A2AFDE /* PredictionTableViewCell.xib */ = {isa = PBXFileReference; fileEncoding = 4; lastKnownFileType = file.xib; path = PredictionTableViewCell.xib; sourceTree = "<group>"; };
		69820B241BCB54A700A2AFDE /* Money-100.png */ = {isa = PBXFileReference; lastKnownFileType = image.png; path = "Money-100.png"; sourceTree = "<group>"; };
		69820B251BCB54A700A2AFDE /* Money Filled-100.png */ = {isa = PBXFileReference; lastKnownFileType = image.png; path = "Money Filled-100.png"; sourceTree = "<group>"; };
		69820B261BCB54A700A2AFDE /* Bitcoin Filled-100.png */ = {isa = PBXFileReference; lastKnownFileType = image.png; path = "Bitcoin Filled-100.png"; sourceTree = "<group>"; };
		69820B271BCB54A700A2AFDE /* Bitcoin-100.png */ = {isa = PBXFileReference; lastKnownFileType = image.png; path = "Bitcoin-100.png"; sourceTree = "<group>"; };
		69820B2C1BCB553900A2AFDE /* Money Filled-50.png */ = {isa = PBXFileReference; lastKnownFileType = image.png; path = "Money Filled-50.png"; sourceTree = "<group>"; };
		69820B2D1BCB553900A2AFDE /* Money-50.png */ = {isa = PBXFileReference; lastKnownFileType = image.png; path = "Money-50.png"; sourceTree = "<group>"; };
		69820B301BCB55D600A2AFDE /* Money Filled-32.png */ = {isa = PBXFileReference; lastKnownFileType = image.png; path = "Money Filled-32.png"; sourceTree = "<group>"; };
		69820B311BCB55D600A2AFDE /* Money-32.png */ = {isa = PBXFileReference; lastKnownFileType = image.png; path = "Money-32.png"; sourceTree = "<group>"; };
		69820B341BCB564500A2AFDE /* Bitcoin-25.png */ = {isa = PBXFileReference; lastKnownFileType = image.png; path = "Bitcoin-25.png"; sourceTree = "<group>"; };
		69820B351BCB564500A2AFDE /* Bitcoin Filled-25.png */ = {isa = PBXFileReference; lastKnownFileType = image.png; path = "Bitcoin Filled-25.png"; sourceTree = "<group>"; };
		69820B381BCB567C00A2AFDE /* Bitcoin Filled-32.png */ = {isa = PBXFileReference; lastKnownFileType = image.png; path = "Bitcoin Filled-32.png"; sourceTree = "<group>"; };
		69820B391BCB567C00A2AFDE /* Bitcoin-32.png */ = {isa = PBXFileReference; lastKnownFileType = image.png; path = "Bitcoin-32.png"; sourceTree = "<group>"; };
		69820B3C1BCB6DCF00A2AFDE /* BitcoinPrediction.h */ = {isa = PBXFileReference; fileEncoding = 4; lastKnownFileType = sourcecode.c.h; name = BitcoinPrediction.h; path = ../BitcoinPrediction.h; sourceTree = "<group>"; };
		69820B3D1BCB6DCF00A2AFDE /* BitcoinPrediction.m */ = {isa = PBXFileReference; fileEncoding = 4; lastKnownFileType = sourcecode.c.objc; name = BitcoinPrediction.m; path = ../BitcoinPrediction.m; sourceTree = "<group>"; };
		69820B401BCB70AA00A2AFDE /* PlayerDataModel.h */ = {isa = PBXFileReference; fileEncoding = 4; lastKnownFileType = sourcecode.c.h; path = PlayerDataModel.h; sourceTree = "<group>"; };
		69820B411BCB70AA00A2AFDE /* PlayerDataModel.m */ = {isa = PBXFileReference; fileEncoding = 4; lastKnownFileType = sourcecode.c.objc; path = PlayerDataModel.m; sourceTree = "<group>"; };
		69820B431BCCBB4000A2AFDE /* Key-32.png */ = {isa = PBXFileReference; lastKnownFileType = image.png; path = "Key-32.png"; sourceTree = "<group>"; };
		69820B441BCCBB4000A2AFDE /* Key Filled-32.png */ = {isa = PBXFileReference; lastKnownFileType = image.png; path = "Key Filled-32.png"; sourceTree = "<group>"; };
		69820B471BCCBB9D00A2AFDE /* PasscodeViewController.h */ = {isa = PBXFileReference; fileEncoding = 4; lastKnownFileType = sourcecode.c.h; path = PasscodeViewController.h; sourceTree = "<group>"; };
		69820B481BCCBB9D00A2AFDE /* PasscodeViewController.m */ = {isa = PBXFileReference; fileEncoding = 4; lastKnownFileType = sourcecode.c.objc; path = PasscodeViewController.m; sourceTree = "<group>"; };
		69D4CB971BC9698A00E1A7F7 /* CryptonatorDemo.app */ = {isa = PBXFileReference; explicitFileType = wrapper.application; includeInIndex = 0; path = CryptonatorDemo.app; sourceTree = BUILT_PRODUCTS_DIR; };
		69D4CB9B1BC9698A00E1A7F7 /* main.m */ = {isa = PBXFileReference; lastKnownFileType = sourcecode.c.objc; path = main.m; sourceTree = "<group>"; };
		69D4CB9D1BC9698A00E1A7F7 /* AppDelegate.h */ = {isa = PBXFileReference; lastKnownFileType = sourcecode.c.h; path = AppDelegate.h; sourceTree = "<group>"; };
		69D4CB9E1BC9698A00E1A7F7 /* AppDelegate.m */ = {isa = PBXFileReference; lastKnownFileType = sourcecode.c.objc; path = AppDelegate.m; sourceTree = "<group>"; };
		69D4CBA41BC9698A00E1A7F7 /* Base */ = {isa = PBXFileReference; lastKnownFileType = file.storyboard; name = Base; path = Base.lproj/Main.storyboard; sourceTree = "<group>"; };
		69D4CBA61BC9698A00E1A7F7 /* Assets.xcassets */ = {isa = PBXFileReference; lastKnownFileType = folder.assetcatalog; path = Assets.xcassets; sourceTree = "<group>"; };
		69D4CBA91BC9698A00E1A7F7 /* Base */ = {isa = PBXFileReference; lastKnownFileType = file.storyboard; name = Base; path = Base.lproj/LaunchScreen.storyboard; sourceTree = "<group>"; };
		69D4CBAB1BC9698A00E1A7F7 /* Info.plist */ = {isa = PBXFileReference; lastKnownFileType = text.plist.xml; path = Info.plist; sourceTree = "<group>"; };
		69F06F421BC99F1200CDC747 /* BitcoinTicker.h */ = {isa = PBXFileReference; fileEncoding = 4; lastKnownFileType = sourcecode.c.h; name = BitcoinTicker.h; path = ../BitcoinTicker.h; sourceTree = "<group>"; };
		69F06F431BC99F1200CDC747 /* BitcoinTicker.m */ = {isa = PBXFileReference; fileEncoding = 4; lastKnownFileType = sourcecode.c.objc; name = BitcoinTicker.m; path = ../BitcoinTicker.m; sourceTree = "<group>"; };
		69F06F451BC9A40B00CDC747 /* CryptonatorTickerManager.h */ = {isa = PBXFileReference; fileEncoding = 4; lastKnownFileType = sourcecode.c.h; path = CryptonatorTickerManager.h; sourceTree = "<group>"; };
		69F06F461BC9A40B00CDC747 /* CryptonatorTickerManager.m */ = {isa = PBXFileReference; fileEncoding = 4; lastKnownFileType = sourcecode.c.objc; path = CryptonatorTickerManager.m; sourceTree = "<group>"; };
		69F06F481BC9B22500CDC747 /* CoreGraphics.framework */ = {isa = PBXFileReference; lastKnownFileType = wrapper.framework; name = CoreGraphics.framework; path = System/Library/Frameworks/CoreGraphics.framework; sourceTree = SDKROOT; };
		69F06F4B1BC9B96400CDC747 /* SWRevealViewController.h */ = {isa = PBXFileReference; fileEncoding = 4; lastKnownFileType = sourcecode.c.h; path = SWRevealViewController.h; sourceTree = "<group>"; };
		69F06F4C1BC9B96400CDC747 /* SWRevealViewController.m */ = {isa = PBXFileReference; fileEncoding = 4; lastKnownFileType = sourcecode.c.objc; path = SWRevealViewController.m; sourceTree = "<group>"; };
		AA933A20C56ED39AE84730BC /* Pods.debug.xcconfig */ = {isa = PBXFileReference; includeInIndex = 1; lastKnownFileType = text.xcconfig; name = Pods.debug.xcconfig; path = "Pods/Target Support Files/Pods/Pods.debug.xcconfig"; sourceTree = "<group>"; };
		C8C2219AC37CE886DFBCB980 /* libPods.a */ = {isa = PBXFileReference; explicitFileType = archive.ar; includeInIndex = 0; path = libPods.a; sourceTree = BUILT_PRODUCTS_DIR; };
/* End PBXFileReference section */

/* Begin PBXFrameworksBuildPhase section */
		69D4CB941BC9698A00E1A7F7 /* Frameworks */ = {
			isa = PBXFrameworksBuildPhase;
			buildActionMask = 2147483647;
			files = (
				69F06F491BC9B22500CDC747 /* CoreGraphics.framework in Frameworks */,
				0A30C8C009086E3AF53C4058 /* libPods.a in Frameworks */,
			);
			runOnlyForDeploymentPostprocessing = 0;
		};
/* End PBXFrameworksBuildPhase section */

/* Begin PBXGroup section */
		69820AE51BCAE43500A2AFDE /* Images */ = {
			isa = PBXGroup;
			children = (
				69820B431BCCBB4000A2AFDE /* Key-32.png */,
				69820B441BCCBB4000A2AFDE /* Key Filled-32.png */,
				69820B381BCB567C00A2AFDE /* Bitcoin Filled-32.png */,
				69820B391BCB567C00A2AFDE /* Bitcoin-32.png */,
				69820B341BCB564500A2AFDE /* Bitcoin-25.png */,
				69820B351BCB564500A2AFDE /* Bitcoin Filled-25.png */,
				69820B2C1BCB553900A2AFDE /* Money Filled-50.png */,
				69820B301BCB55D600A2AFDE /* Money Filled-32.png */,
				69820B311BCB55D600A2AFDE /* Money-32.png */,
				69820B2D1BCB553900A2AFDE /* Money-50.png */,
				69820B241BCB54A700A2AFDE /* Money-100.png */,
				69820B251BCB54A700A2AFDE /* Money Filled-100.png */,
				69820B261BCB54A700A2AFDE /* Bitcoin Filled-100.png */,
				69820B271BCB54A700A2AFDE /* Bitcoin-100.png */,
				69820B0E1BCB09A200A2AFDE /* orangeuparrow.png */,
				69820B0F1BCB09A200A2AFDE /* orangedownarrow 2.png */,
				69820B101BCB09A200A2AFDE /* uparrow.png */,
				69820B111BCB09A200A2AFDE /* downarrow.png */,
				69820B0C1BCB024A00A2AFDE /* down-arrow-icon.png */,
				69820B0A1BCB024100A2AFDE /* up-arrow-icon.png */,
				69820AFE1BCAF55200A2AFDE /* Key Filled-512.png */,
				69820AFF1BCAF55200A2AFDE /* Key-512.png */,
				69820B001BCAF55200A2AFDE /* Literature Filled-100.png */,
				69820B011BCAF55200A2AFDE /* Literature-100.png */,
				69820B021BCAF55200A2AFDE /* News-512.png */,
				69820B031BCAF55200A2AFDE /* News Filled-512.png */,
				69820AE81BCAE47200A2AFDE /* menu.png */,
				69820AE91BCAE47200A2AFDE /* menu@2x.png */,
				69820AE61BCAE43500A2AFDE /* bitcoinicon.png */,
			);
			name = Images;
			path = SWRevealViewController/Images;
			sourceTree = "<group>";
		};
		69820B3F1BCB6DF500A2AFDE /* Model */ = {
			isa = PBXGroup;
			children = (
				69820B3C1BCB6DCF00A2AFDE /* BitcoinPrediction.h */,
				69820B3D1BCB6DCF00A2AFDE /* BitcoinPrediction.m */,
				69F06F421BC99F1200CDC747 /* BitcoinTicker.h */,
				69F06F431BC99F1200CDC747 /* BitcoinTicker.m */,
				69820B401BCB70AA00A2AFDE /* PlayerDataModel.h */,
				69820B411BCB70AA00A2AFDE /* PlayerDataModel.m */,
			);
			name = Model;
			path = SWRevealViewController;
			sourceTree = "<group>";
		};
		69D4CB8E1BC9698900E1A7F7 = {
			isa = PBXGroup;
			children = (
				69D4CB991BC9698A00E1A7F7 /* CryptonatorDemo */,
				69D4CB981BC9698A00E1A7F7 /* Products */,
				9DCAF3DEFF4EADD7859357E4 /* Pods */,
				A18749843D6712FBBA42E357 /* Frameworks */,
			);
			sourceTree = "<group>";
		};
		69D4CB981BC9698A00E1A7F7 /* Products */ = {
			isa = PBXGroup;
			children = (
				69D4CB971BC9698A00E1A7F7 /* CryptonatorDemo.app */,
			);
			name = Products;
			sourceTree = "<group>";
		};
		69D4CB991BC9698A00E1A7F7 /* CryptonatorDemo */ = {
			isa = PBXGroup;
			children = (
				69F06F4A1BC9B96400CDC747 /* SWRevealViewController */,
				69820B3F1BCB6DF500A2AFDE /* Model */,
				69D4CB9D1BC9698A00E1A7F7 /* AppDelegate.h */,
				69D4CB9E1BC9698A00E1A7F7 /* AppDelegate.m */,
				69F06F451BC9A40B00CDC747 /* CryptonatorTickerManager.h */,
				69F06F461BC9A40B00CDC747 /* CryptonatorTickerManager.m */,
				69820B1F1BCB4F4200A2AFDE /* PredictionTableViewCell.h */,
				69820B201BCB4F4200A2AFDE /* PredictionTableViewCell.m */,
				692C92201BCCCD7500A14B2A /* InitialLockscreenViewController.h */,
				692C92211BCCCD7500A14B2A /* InitialLockscreenViewController.m */,
				691277E21BCABAA400946438 /* TickerViewController.h */,
				691277E31BCABAA400946438 /* TickerViewController.m */,
				69820B471BCCBB9D00A2AFDE /* PasscodeViewController.h */,
				69820B481BCCBB9D00A2AFDE /* PasscodeViewController.m */,
				69820AEC1BCAEC1000A2AFDE /* OptionsTableViewController.h */,
				69820AED1BCAEC1000A2AFDE /* OptionsTableViewController.m */,
				69820B221BCB4F7800A2AFDE /* PredictionTableViewCell.xib */,
				69D4CBA31BC9698A00E1A7F7 /* Main.storyboard */,
				69D4CBA81BC9698A00E1A7F7 /* LaunchScreen.storyboard */,
				69820AE51BCAE43500A2AFDE /* Images */,
				69D4CBA61BC9698A00E1A7F7 /* Assets.xcassets */,
				69D4CBAB1BC9698A00E1A7F7 /* Info.plist */,
				69D4CB9A1BC9698A00E1A7F7 /* Supporting Files */,
			);
			path = CryptonatorDemo;
			sourceTree = "<group>";
		};
		69D4CB9A1BC9698A00E1A7F7 /* Supporting Files */ = {
			isa = PBXGroup;
			children = (
				69D4CB9B1BC9698A00E1A7F7 /* main.m */,
			);
			name = "Supporting Files";
			sourceTree = "<group>";
		};
		69F06F4A1BC9B96400CDC747 /* SWRevealViewController */ = {
			isa = PBXGroup;
			children = (
				69F06F4B1BC9B96400CDC747 /* SWRevealViewController.h */,
				69F06F4C1BC9B96400CDC747 /* SWRevealViewController.m */,
			);
			path = SWRevealViewController;
			sourceTree = "<group>";
		};
		9DCAF3DEFF4EADD7859357E4 /* Pods */ = {
			isa = PBXGroup;
			children = (
				AA933A20C56ED39AE84730BC /* Pods.debug.xcconfig */,
				63CBC032AE9665FB99098A40 /* Pods.release.xcconfig */,
			);
			name = Pods;
			sourceTree = "<group>";
		};
		A18749843D6712FBBA42E357 /* Frameworks */ = {
			isa = PBXGroup;
			children = (
				69F06F481BC9B22500CDC747 /* CoreGraphics.framework */,
				C8C2219AC37CE886DFBCB980 /* libPods.a */,
			);
			name = Frameworks;
			sourceTree = "<group>";
		};
/* End PBXGroup section */

/* Begin PBXNativeTarget section */
		69D4CB961BC9698A00E1A7F7 /* CryptonatorDemo */ = {
			isa = PBXNativeTarget;
			buildConfigurationList = 69D4CBAE1BC9698A00E1A7F7 /* Build configuration list for PBXNativeTarget "CryptonatorDemo" */;
			buildPhases = (
				B6D1FECD6850C382A3DC0264 /* Check Pods Manifest.lock */,
				69D4CB931BC9698A00E1A7F7 /* Sources */,
				69D4CB941BC9698A00E1A7F7 /* Frameworks */,
				69D4CB951BC9698A00E1A7F7 /* Resources */,
				3CF666F152D3AFE01340974B /* Copy Pods Resources */,
			);
			buildRules = (
			);
			dependencies = (
			);
			name = CryptonatorDemo;
			productName = CryptonatorDemo;
			productReference = 69D4CB971BC9698A00E1A7F7 /* CryptonatorDemo.app */;
			productType = "com.apple.product-type.application";
		};
/* End PBXNativeTarget section */

/* Begin PBXProject section */
		69D4CB8F1BC9698900E1A7F7 /* Project object */ = {
			isa = PBXProject;
			attributes = {
				LastUpgradeCheck = 0700;
				ORGANIZATIONNAME = dereknetto;
				TargetAttributes = {
					69D4CB961BC9698A00E1A7F7 = {
						CreatedOnToolsVersion = 7.0.1;
						DevelopmentTeam = D89RJC2KAA;
					};
				};
			};
			buildConfigurationList = 69D4CB921BC9698900E1A7F7 /* Build configuration list for PBXProject "CryptonatorDemo" */;
			compatibilityVersion = "Xcode 3.2";
			developmentRegion = English;
			hasScannedForEncodings = 0;
			knownRegions = (
				en,
				Base,
			);
			mainGroup = 69D4CB8E1BC9698900E1A7F7;
			productRefGroup = 69D4CB981BC9698A00E1A7F7 /* Products */;
			projectDirPath = "";
			projectRoot = "";
			targets = (
				69D4CB961BC9698A00E1A7F7 /* CryptonatorDemo */,
			);
		};
/* End PBXProject section */

/* Begin PBXResourcesBuildPhase section */
		69D4CB951BC9698A00E1A7F7 /* Resources */ = {
			isa = PBXResourcesBuildPhase;
			buildActionMask = 2147483647;
			files = (
				69D4CBAA1BC9698A00E1A7F7 /* LaunchScreen.storyboard in Resources */,
				69820AEB1BCAE47200A2AFDE /* menu@2x.png in Resources */,
				69820B281BCB54A700A2AFDE /* Money-100.png in Resources */,
				69820AEA1BCAE47200A2AFDE /* menu.png in Resources */,
				69820B331BCB55D600A2AFDE /* Money-32.png in Resources */,
				69820B2F1BCB553900A2AFDE /* Money-50.png in Resources */,
				69820B3A1BCB567C00A2AFDE /* Bitcoin Filled-32.png in Resources */,
				69D4CBA71BC9698A00E1A7F7 /* Assets.xcassets in Resources */,
				69820B0D1BCB024A00A2AFDE /* down-arrow-icon.png in Resources */,
				69820B151BCB09A200A2AFDE /* downarrow.png in Resources */,
				69820B091BCAF55200A2AFDE /* News Filled-512.png in Resources */,
				69820B051BCAF55200A2AFDE /* Key-512.png in Resources */,
				69820B121BCB09A200A2AFDE /* orangeuparrow.png in Resources */,
				69D4CBA51BC9698A00E1A7F7 /* Main.storyboard in Resources */,
				69820B2B1BCB54A700A2AFDE /* Bitcoin-100.png in Resources */,
				69820B131BCB09A200A2AFDE /* orangedownarrow 2.png in Resources */,
				69820B291BCB54A700A2AFDE /* Money Filled-100.png in Resources */,
				69820B0B1BCB024100A2AFDE /* up-arrow-icon.png in Resources */,
				69820B361BCB564500A2AFDE /* Bitcoin-25.png in Resources */,
				69820B081BCAF55200A2AFDE /* News-512.png in Resources */,
				69820B2E1BCB553900A2AFDE /* Money Filled-50.png in Resources */,
				69820B3B1BCB567C00A2AFDE /* Bitcoin-32.png in Resources */,
				69820B2A1BCB54A700A2AFDE /* Bitcoin Filled-100.png in Resources */,
				69820B061BCAF55200A2AFDE /* Literature Filled-100.png in Resources */,
				69820B461BCCBB4000A2AFDE /* Key Filled-32.png in Resources */,
				69820B451BCCBB4000A2AFDE /* Key-32.png in Resources */,
				69820B041BCAF55200A2AFDE /* Key Filled-512.png in Resources */,
				69820B371BCB564500A2AFDE /* Bitcoin Filled-25.png in Resources */,
				69820B071BCAF55200A2AFDE /* Literature-100.png in Resources */,
				69820B231BCB4F7800A2AFDE /* PredictionTableViewCell.xib in Resources */,
				69820AE71BCAE43500A2AFDE /* bitcoinicon.png in Resources */,
				69820B321BCB55D600A2AFDE /* Money Filled-32.png in Resources */,
				69820B141BCB09A200A2AFDE /* uparrow.png in Resources */,
			);
			runOnlyForDeploymentPostprocessing = 0;
		};
/* End PBXResourcesBuildPhase section */

/* Begin PBXShellScriptBuildPhase section */
		3CF666F152D3AFE01340974B /* Copy Pods Resources */ = {
			isa = PBXShellScriptBuildPhase;
			buildActionMask = 2147483647;
			files = (
			);
			inputPaths = (
			);
			name = "Copy Pods Resources";
			outputPaths = (
			);
			runOnlyForDeploymentPostprocessing = 0;
			shellPath = /bin/sh;
			shellScript = "\"${SRCROOT}/Pods/Target Support Files/Pods/Pods-resources.sh\"\n";
			showEnvVarsInLog = 0;
		};
		B6D1FECD6850C382A3DC0264 /* Check Pods Manifest.lock */ = {
			isa = PBXShellScriptBuildPhase;
			buildActionMask = 2147483647;
			files = (
			);
			inputPaths = (
			);
			name = "Check Pods Manifest.lock";
			outputPaths = (
			);
			runOnlyForDeploymentPostprocessing = 0;
			shellPath = /bin/sh;
			shellScript = "diff \"${PODS_ROOT}/../Podfile.lock\" \"${PODS_ROOT}/Manifest.lock\" > /dev/null\nif [[ $? != 0 ]] ; then\n    cat << EOM\nerror: The sandbox is not in sync with the Podfile.lock. Run 'pod install' or update your CocoaPods installation.\nEOM\n    exit 1\nfi\n";
			showEnvVarsInLog = 0;
		};
/* End PBXShellScriptBuildPhase section */

/* Begin PBXSourcesBuildPhase section */
		69D4CB931BC9698A00E1A7F7 /* Sources */ = {
			isa = PBXSourcesBuildPhase;
			buildActionMask = 2147483647;
			files = (
				69820B211BCB4F4200A2AFDE /* PredictionTableViewCell.m in Sources */,
				69820B3E1BCB6DCF00A2AFDE /* BitcoinPrediction.m in Sources */,
				692C92221BCCCD7500A14B2A /* InitialLockscreenViewController.m in Sources */,
				69820B421BCB70AA00A2AFDE /* PlayerDataModel.m in Sources */,
				69D4CB9F1BC9698A00E1A7F7 /* AppDelegate.m in Sources */,
				69F06F471BC9A40B00CDC747 /* CryptonatorTickerManager.m in Sources */,
				69F06F4D1BC9B96400CDC747 /* SWRevealViewController.m in Sources */,
				69820B491BCCBB9D00A2AFDE /* PasscodeViewController.m in Sources */,
				69820AEE1BCAEC1000A2AFDE /* OptionsTableViewController.m in Sources */,
				691277E41BCABAA400946438 /* TickerViewController.m in Sources */,
				69F06F441BC99F1200CDC747 /* BitcoinTicker.m in Sources */,
				69D4CB9C1BC9698A00E1A7F7 /* main.m in Sources */,
			);
			runOnlyForDeploymentPostprocessing = 0;
		};
/* End PBXSourcesBuildPhase section */

/* Begin PBXVariantGroup section */
		69D4CBA31BC9698A00E1A7F7 /* Main.storyboard */ = {
			isa = PBXVariantGroup;
			children = (
				69D4CBA41BC9698A00E1A7F7 /* Base */,
			);
			name = Main.storyboard;
			sourceTree = "<group>";
		};
		69D4CBA81BC9698A00E1A7F7 /* LaunchScreen.storyboard */ = {
			isa = PBXVariantGroup;
			children = (
				69D4CBA91BC9698A00E1A7F7 /* Base */,
			);
			name = LaunchScreen.storyboard;
			sourceTree = "<group>";
		};
/* End PBXVariantGroup section */

/* Begin XCBuildConfiguration section */
		69D4CBAC1BC9698A00E1A7F7 /* Debug */ = {
			isa = XCBuildConfiguration;
			buildSettings = {
				ALWAYS_SEARCH_USER_PATHS = NO;
				CLANG_CXX_LANGUAGE_STANDARD = "gnu++0x";
				CLANG_CXX_LIBRARY = "libc++";
				CLANG_ENABLE_MODULES = YES;
				CLANG_ENABLE_OBJC_ARC = YES;
				CLANG_WARN_BOOL_CONVERSION = YES;
				CLANG_WARN_CONSTANT_CONVERSION = YES;
				CLANG_WARN_DIRECT_OBJC_ISA_USAGE = YES_ERROR;
				CLANG_WARN_EMPTY_BODY = YES;
				CLANG_WARN_ENUM_CONVERSION = YES;
				CLANG_WARN_INT_CONVERSION = YES;
				CLANG_WARN_OBJC_ROOT_CLASS = YES_ERROR;
				CLANG_WARN_UNREACHABLE_CODE = YES;
				CLANG_WARN__DUPLICATE_METHOD_MATCH = YES;
				"CODE_SIGN_IDENTITY[sdk=iphoneos*]" = "iPhone Developer";
				COPY_PHASE_STRIP = NO;
				DEBUG_INFORMATION_FORMAT = dwarf;
				ENABLE_STRICT_OBJC_MSGSEND = YES;
				ENABLE_TESTABILITY = YES;
				GCC_C_LANGUAGE_STANDARD = gnu99;
				GCC_DYNAMIC_NO_PIC = NO;
				GCC_NO_COMMON_BLOCKS = YES;
				GCC_OPTIMIZATION_LEVEL = 0;
				GCC_PREPROCESSOR_DEFINITIONS = (
					"DEBUG=1",
					"$(inherited)",
				);
				GCC_WARN_64_TO_32_BIT_CONVERSION = YES;
				GCC_WARN_ABOUT_RETURN_TYPE = YES_ERROR;
				GCC_WARN_UNDECLARED_SELECTOR = YES;
				GCC_WARN_UNINITIALIZED_AUTOS = YES_AGGRESSIVE;
				GCC_WARN_UNUSED_FUNCTION = YES;
				GCC_WARN_UNUSED_VARIABLE = YES;
				IPHONEOS_DEPLOYMENT_TARGET = 9.0;
				MTL_ENABLE_DEBUG_INFO = YES;
				ONLY_ACTIVE_ARCH = YES;
				SDKROOT = iphoneos;
				TARGETED_DEVICE_FAMILY = "1,2";
			};
			name = Debug;
		};
		69D4CBAD1BC9698A00E1A7F7 /* Release */ = {
			isa = XCBuildConfiguration;
			buildSettings = {
				ALWAYS_SEARCH_USER_PATHS = NO;
				CLANG_CXX_LANGUAGE_STANDARD = "gnu++0x";
				CLANG_CXX_LIBRARY = "libc++";
				CLANG_ENABLE_MODULES = YES;
				CLANG_ENABLE_OBJC_ARC = YES;
				CLANG_WARN_BOOL_CONVERSION = YES;
				CLANG_WARN_CONSTANT_CONVERSION = YES;
				CLANG_WARN_DIRECT_OBJC_ISA_USAGE = YES_ERROR;
				CLANG_WARN_EMPTY_BODY = YES;
				CLANG_WARN_ENUM_CONVERSION = YES;
				CLANG_WARN_INT_CONVERSION = YES;
				CLANG_WARN_OBJC_ROOT_CLASS = YES_ERROR;
				CLANG_WARN_UNREACHABLE_CODE = YES;
				CLANG_WARN__DUPLICATE_METHOD_MATCH = YES;
				"CODE_SIGN_IDENTITY[sdk=iphoneos*]" = "iPhone Developer";
				COPY_PHASE_STRIP = NO;
				DEBUG_INFORMATION_FORMAT = "dwarf-with-dsym";
				ENABLE_NS_ASSERTIONS = NO;
				ENABLE_STRICT_OBJC_MSGSEND = YES;
				GCC_C_LANGUAGE_STANDARD = gnu99;
				GCC_NO_COMMON_BLOCKS = YES;
				GCC_WARN_64_TO_32_BIT_CONVERSION = YES;
				GCC_WARN_ABOUT_RETURN_TYPE = YES_ERROR;
				GCC_WARN_UNDECLARED_SELECTOR = YES;
				GCC_WARN_UNINITIALIZED_AUTOS = YES_AGGRESSIVE;
				GCC_WARN_UNUSED_FUNCTION = YES;
				GCC_WARN_UNUSED_VARIABLE = YES;
				IPHONEOS_DEPLOYMENT_TARGET = 9.0;
				MTL_ENABLE_DEBUG_INFO = NO;
				SDKROOT = iphoneos;
				TARGETED_DEVICE_FAMILY = "1,2";
				VALIDATE_PRODUCT = YES;
			};
			name = Release;
		};
		69D4CBAF1BC9698A00E1A7F7 /* Debug */ = {
			isa = XCBuildConfiguration;
			baseConfigurationReference = AA933A20C56ED39AE84730BC /* Pods.debug.xcconfig */;
			buildSettings = {
				ASSETCATALOG_COMPILER_APPICON_NAME = AppIcon;
				INFOPLIST_FILE = CryptonatorDemo/Info.plist;
				IPHONEOS_DEPLOYMENT_TARGET = 8.4;
				LD_RUNPATH_SEARCH_PATHS = "$(inherited) @executable_path/Frameworks";
				PRODUCT_BUNDLE_IDENTIFIER = nyc.c4q.Derek316x.CryptonatorDemo;
				PRODUCT_NAME = "$(TARGET_NAME)";
			};
			name = Debug;
		};
		69D4CBB01BC9698A00E1A7F7 /* Release */ = {
			isa = XCBuildConfiguration;
			baseConfigurationReference = 63CBC032AE9665FB99098A40 /* Pods.release.xcconfig */;
			buildSettings = {
				ASSETCATALOG_COMPILER_APPICON_NAME = AppIcon;
				INFOPLIST_FILE = CryptonatorDemo/Info.plist;
				IPHONEOS_DEPLOYMENT_TARGET = 8.4;
				LD_RUNPATH_SEARCH_PATHS = "$(inherited) @executable_path/Frameworks";
				PRODUCT_BUNDLE_IDENTIFIER = nyc.c4q.Derek316x.CryptonatorDemo;
				PRODUCT_NAME = "$(TARGET_NAME)";
			};
			name = Release;
		};
/* End XCBuildConfiguration section */

/* Begin XCConfigurationList section */
		69D4CB921BC9698900E1A7F7 /* Build configuration list for PBXProject "CryptonatorDemo" */ = {
			isa = XCConfigurationList;
			buildConfigurations = (
				69D4CBAC1BC9698A00E1A7F7 /* Debug */,
				69D4CBAD1BC9698A00E1A7F7 /* Release */,
			);
			defaultConfigurationIsVisible = 0;
			defaultConfigurationName = Release;
		};
		69D4CBAE1BC9698A00E1A7F7 /* Build configuration list for PBXNativeTarget "CryptonatorDemo" */ = {
			isa = XCConfigurationList;
			buildConfigurations = (
				69D4CBAF1BC9698A00E1A7F7 /* Debug */,
				69D4CBB01BC9698A00E1A7F7 /* Release */,
			);
			defaultConfigurationIsVisible = 0;
			defaultConfigurationName = Release;
		};
/* End XCConfigurationList section */
	};
	rootObject = 69D4CB8F1BC9698900E1A7F7 /* Project object */;
}
